
Microsoft Visual Studio Solution File, Format Version 12.00
# Visual Studio Version 17
VisualStudioVersion = 17.13.35825.156
MinimumVisualStudioVersion = 10.0.40219.1
Project("{8BC9CEB8-8B4A-11D0-8D11-00A0C91BC942}") = "1-1", "AI_C2\AI_C2.vcxproj", "{C2FAC5AC-583A-4D33-BFB2-461D00A609DD}"
EndProject
Project("{8BC9CEB8-8B4A-11D0-8D11-00A0C91BC942}") = "1-2", "1-2.c\1-2.c.vcxproj", "{4FE79293-FFBC-482E-AC69-191E3D2AF0C8}"
EndProject
Project("{8BC9CEB8-8B4A-11D0-8D11-00A0C91BC942}") = "2-1", "2-1\2-1.vcxproj", "{5044585B-8CF1-406E-94D8-A1C864532EB8}"
EndProject
Project("{8BC9CEB8-8B4A-11D0-8D11-00A0C91BC942}") = "2-2", "2-2\2-2.vcxproj", "{8BA554F3-520A-4968-8088-7CE29AEB5F44}"
EndProject
Global
	GlobalSection(SolutionConfigurationPlatforms) = preSolution
		Debug|x64 = Debug|x64
		Debug|x86 = Debug|x86
		Release|x64 = Release|x64
		Release|x86 = Release|x86
	EndGlobalSection
	GlobalSection(ProjectConfigurationPlatforms) = postSolution
		{C2FAC5AC-583A-4D33-BFB2-461D00A609DD}.Debug|x64.ActiveCfg = Debug|x64
		{C2FAC5AC-583A-4D33-BFB2-461D00A609DD}.Debug|x64.Build.0 = Debug|x64
		{C2FAC5AC-583A-4D33-BFB2-461D00A609DD}.Debug|x86.ActiveCfg = Debug|Win32
		{C2FAC5AC-583A-4D33-BFB2-461D00A609DD}.Debug|x86.Build.0 = Debug|Win32
		{C2FAC5AC-583A-4D33-BFB2-461D00A609DD}.Release|x64.ActiveCfg = Release|x64
		{C2FAC5AC-583A-4D33-BFB2-461D00A609DD}.Release|x64.Build.0 = Release|x64
		{C2FAC5AC-583A-4D33-BFB2-461D00A609DD}.Release|x86.ActiveCfg = Release|Win32
		{C2FAC5AC-583A-4D33-BFB2-461D00A609DD}.Release|x86.Build.0 = Release|Win32
		{4FE79293-FFBC-482E-AC69-191E3D2AF0C8}.Debug|x64.ActiveCfg = Debug|x64
		{4FE79293-FFBC-482E-AC69-191E3D2AF0C8}.Debug|x64.Build.0 = Debug|x64
		{4FE79293-FFBC-482E-AC69-191E3D2AF0C8}.Debug|x86.ActiveCfg = Debug|Win32
		{4FE79293-FFBC-482E-AC69-191E3D2AF0C8}.Debug|x86.Build.0 = Debug|Win32
		{4FE79293-FFBC-482E-AC69-191E3D2AF0C8}.Release|x64.ActiveCfg = Release|x64
		{4FE79293-FFBC-482E-AC69-191E3D2AF0C8}.Release|x64.Build.0 = Release|x64
		{4FE79293-FFBC-482E-AC69-191E3D2AF0C8}.Release|x86.ActiveCfg = Release|Win32
		{4FE79293-FFBC-482E-AC69-191E3D2AF0C8}.Release|x86.Build.0 = Release|Win32
		{5044585B-8CF1-406E-94D8-A1C864532EB8}.Debug|x64.ActiveCfg = Debug|x64
		{5044585B-8CF1-406E-94D8-A1C864532EB8}.Debug|x64.Build.0 = Debug|x64
		{5044585B-8CF1-406E-94D8-A1C864532EB8}.Debug|x86.ActiveCfg = Debug|Win32
		{5044585B-8CF1-406E-94D8-A1C864532EB8}.Debug|x86.Build.0 = Debug|Win32
		{5044585B-8CF1-406E-94D8-A1C864532EB8}.Release|x64.ActiveCfg = Release|x64
		{5044585B-8CF1-406E-94D8-A1C864532EB8}.Release|x64.Build.0 = Release|x64
		{5044585B-8CF1-406E-94D8-A1C864532EB8}.Release|x86.ActiveCfg = Release|Win32
		{5044585B-8CF1-406E-94D8-A1C864532EB8}.Release|x86.Build.0 = Release|Win32
		{8BA554F3-520A-4968-8088-7CE29AEB5F44}.Debug|x64.ActiveCfg = Debug|x64
		{8BA554F3-520A-4968-8088-7CE29AEB5F44}.Debug|x64.Build.0 = Debug|x64
		{8BA554F3-520A-4968-8088-7CE29AEB5F44}.Debug|x86.ActiveCfg = Debug|Win32
		{8BA554F3-520A-4968-8088-7CE29AEB5F44}.Debug|x86.Build.0 = Debug|Win32
		{8BA554F3-520A-4968-8088-7CE29AEB5F44}.Release|x64.ActiveCfg = Release|x64
		{8BA554F3-520A-4968-8088-7CE29AEB5F44}.Release|x64.Build.0 = Release|x64
		{8BA554F3-520A-4968-8088-7CE29AEB5F44}.Release|x86.ActiveCfg = Release|Win32
		{8BA554F3-520A-4968-8088-7CE29AEB5F44}.Release|x86.Build.0 = Release|Win32
	EndGlobalSection
	GlobalSection(SolutionProperties) = preSolution
		HideSolutionNode = FALSE
	EndGlobalSection
	GlobalSection(ExtensibilityGlobals) = postSolution
		SolutionGuid = {C6C00292-76C1-41A6-887D-9B700CF807EA}
	EndGlobalSection
EndGlobal
